// !$*UTF8*$!
{
	archiveVersion = 1;
	classes = {
	};
	objectVersion = 48;
	objects = {

/* Begin PBXBuildFile section */
		97AEA754201CDBBE00A38B84 /* AppDelegate.swift in Sources */ = {isa = PBXBuildFile; fileRef = 97AEA753201CDBBE00A38B84 /* AppDelegate.swift */; };
		97AEA756201CDBBE00A38B84 /* ViewController.swift in Sources */ = {isa = PBXBuildFile; fileRef = 97AEA755201CDBBE00A38B84 /* ViewController.swift */; };
		97AEA759201CDBBE00A38B84 /* Main.storyboard in Resources */ = {isa = PBXBuildFile; fileRef = 97AEA757201CDBBE00A38B84 /* Main.storyboard */; };
		97AEA75B201CDBBE00A38B84 /* Assets.xcassets in Resources */ = {isa = PBXBuildFile; fileRef = 97AEA75A201CDBBE00A38B84 /* Assets.xcassets */; };
		97AEA75E201CDBBE00A38B84 /* LaunchScreen.storyboard in Resources */ = {isa = PBXBuildFile; fileRef = 97AEA75C201CDBBE00A38B84 /* LaunchScreen.storyboard */; };
		97AEA766201CDC3900A38B84 /* DataTypes.swift in Sources */ = {isa = PBXBuildFile; fileRef = 97AEA765201CDC3900A38B84 /* DataTypes.swift */; };
/* End PBXBuildFile section */

/* Begin PBXFileReference section */
		97AEA750201CDBBE00A38B84 /* assignment3-networking.app */ = {isa = PBXFileReference; explicitFileType = wrapper.application; includeInIndex = 0; path = "assignment3-networking.app"; sourceTree = BUILT_PRODUCTS_DIR; };
		97AEA753201CDBBE00A38B84 /* AppDelegate.swift */ = {isa = PBXFileReference; lastKnownFileType = sourcecode.swift; path = AppDelegate.swift; sourceTree = "<group>"; };
		97AEA755201CDBBE00A38B84 /* ViewController.swift */ = {isa = PBXFileReference; lastKnownFileType = sourcecode.swift; path = ViewController.swift; sourceTree = "<group>"; };
		97AEA758201CDBBE00A38B84 /* Base */ = {isa = PBXFileReference; lastKnownFileType = file.storyboard; name = Base; path = Base.lproj/Main.storyboard; sourceTree = "<group>"; };
		97AEA75A201CDBBE00A38B84 /* Assets.xcassets */ = {isa = PBXFileReference; lastKnownFileType = folder.assetcatalog; path = Assets.xcassets; sourceTree = "<group>"; };
		97AEA75D201CDBBE00A38B84 /* Base */ = {isa = PBXFileReference; lastKnownFileType = file.storyboard; name = Base; path = Base.lproj/LaunchScreen.storyboard; sourceTree = "<group>"; };
		97AEA75F201CDBBE00A38B84 /* Info.plist */ = {isa = PBXFileReference; lastKnownFileType = text.plist.xml; path = Info.plist; sourceTree = "<group>"; };
		97AEA765201CDC3900A38B84 /* DataTypes.swift */ = {isa = PBXFileReference; fileEncoding = 4; lastKnownFileType = sourcecode.swift; path = DataTypes.swift; sourceTree = "<group>"; };
/* End PBXFileReference section */

/* Begin PBXFrameworksBuildPhase section */
		97AEA74D201CDBBE00A38B84 /* Frameworks */ = {
			isa = PBXFrameworksBuildPhase;
			buildActionMask = 2147483647;
			files = (
			);
			runOnlyForDeploymentPostprocessing = 0;
		};
/* End PBXFrameworksBuildPhase section */

/* Begin PBXGroup section */
		97AEA747201CDBBE00A38B84 = {
			isa = PBXGroup;
			children = (
				97AEA752201CDBBE00A38B84 /* assignment3-networking */,
				97AEA751201CDBBE00A38B84 /* Products */,
			);
			sourceTree = "<group>";
		};
		97AEA751201CDBBE00A38B84 /* Products */ = {
			isa = PBXGroup;
			children = (
				97AEA750201CDBBE00A38B84 /* assignment3-networking.app */,
			);
			name = Products;
			sourceTree = "<group>";
		};
		97AEA752201CDBBE00A38B84 /* assignment3-networking */ = {
			isa = PBXGroup;
			children = (
				97AEA753201CDBBE00A38B84 /* AppDelegate.swift */,
				97AEA765201CDC3900A38B84 /* DataTypes.swift */,
				97AEA755201CDBBE00A38B84 /* ViewController.swift */,
				97AEA757201CDBBE00A38B84 /* Main.storyboard */,
				97AEA75A201CDBBE00A38B84 /* Assets.xcassets */,
				97AEA75C201CDBBE00A38B84 /* LaunchScreen.storyboard */,
				97AEA75F201CDBBE00A38B84 /* Info.plist */,
			);
			path = "assignment3-networking";
			sourceTree = "<group>";
		};
/* End PBXGroup section */

/* Begin PBXNativeTarget section */
		97AEA74F201CDBBE00A38B84 /* assignment3-networking */ = {
			isa = PBXNativeTarget;
			buildConfigurationList = 97AEA762201CDBBE00A38B84 /* Build configuration list for PBXNativeTarget "assignment3-networking" */;
			buildPhases = (
				97AEA74C201CDBBE00A38B84 /* Sources */,
				97AEA74D201CDBBE00A38B84 /* Frameworks */,
				97AEA74E201CDBBE00A38B84 /* Resources */,
			);
			buildRules = (
			);
			dependencies = (
			);
			name = "assignment3-networking";
			productName = "assignment3-networking";
			productReference = 97AEA750201CDBBE00A38B84 /* assignment3-networking.app */;
			productType = "com.apple.product-type.application";
		};
/* End PBXNativeTarget section */

/* Begin PBXProject section */
		97AEA748201CDBBE00A38B84 /* Project object */ = {
			isa = PBXProject;
			attributes = {
				LastSwiftUpdateCheck = 0920;
				LastUpgradeCheck = 0920;
				ORGANIZATIONNAME = "T. Andrew Binkowski";
				TargetAttributes = {
					97AEA74F201CDBBE00A38B84 = {
						CreatedOnToolsVersion = 9.2;
						ProvisioningStyle = Automatic;
					};
				};
			};
			buildConfigurationList = 97AEA74B201CDBBE00A38B84 /* Build configuration list for PBXProject "assignment3-networking" */;
			compatibilityVersion = "Xcode 8.0";
			developmentRegion = en;
			hasScannedForEncodings = 0;
			knownRegions = (
				en,
				Base,
			);
			mainGroup = 97AEA747201CDBBE00A38B84;
			productRefGroup = 97AEA751201CDBBE00A38B84 /* Products */;
			projectDirPath = "";
			projectRoot = "";
			targets = (
				97AEA74F201CDBBE00A38B84 /* assignment3-networking */,
			);
		};
/* End PBXProject section */

/* Begin PBXResourcesBuildPhase section */
		97AEA74E201CDBBE00A38B84 /* Resources */ = {
			isa = PBXResourcesBuildPhase;
			buildActionMask = 2147483647;
			files = (
				97AEA75E201CDBBE00A38B84 /* LaunchScreen.storyboard in Resources */,
				97AEA75B201CDBBE00A38B84 /* Assets.xcassets in Resources */,
				97AEA759201CDBBE00A38B84 /* Main.storyboard in Resources */,
			);
			runOnlyForDeploymentPostprocessing = 0;
		};
/* End PBXResourcesBuildPhase section */

/* Begin PBXSourcesBuildPhase section */
		97AEA74C201CDBBE00A38B84 /* Sources */ = {
			isa = PBXSourcesBuildPhase;
			buildActionMask = 2147483647;
			files = (
				97AEA766201CDC3900A38B84 /* DataTypes.swift in Sources */,
				97AEA756201CDBBE00A38B84 /* ViewController.swift in Sources */,
				97AEA754201CDBBE00A38B84 /* AppDelegate.swift in Sources */,
			);
			runOnlyForDeploymentPostprocessing = 0;
		};
/* End PBXSourcesBuildPhase section */

/* Begin PBXVariantGroup section */
		97AEA757201CDBBE00A38B84 /* Main.storyboard */ = {
			isa = PBXVariantGroup;
			children = (
				97AEA758201CDBBE00A38B84 /* Base */,
			);
			name = Main.storyboard;
			sourceTree = "<group>";
		};
		97AEA75C201CDBBE00A38B84 /* LaunchScreen.storyboard */ = {
			isa = PBXVariantGroup;
			children = (
				97AEA75D201CDBBE00A38B84 /* Base */,
			);
			name = LaunchScreen.storyboard;
			sourceTree = "<group>";
		};
/* End PBXVariantGroup section */

/* Begin XCBuildConfiguration section */
		97AEA760201CDBBE00A38B84 /* Debug */ = {
			isa = XCBuildConfiguration;
			buildSettings = {
				ALWAYS_SEARCH_USER_PATHS = NO;
				CLANG_ANALYZER_NONNULL = YES;
				CLANG_ANALYZER_NUMBER_OBJECT_CONVERSION = YES_AGGRESSIVE;
				CLANG_CXX_LANGUAGE_STANDARD = "gnu++14";
				CLANG_CXX_LIBRARY = "libc++";
				CLANG_ENABLE_MODULES = YES;
				CLANG_ENABLE_OBJC_ARC = YES;
				CLANG_WARN_BLOCK_CAPTURE_AUTORELEASING = YES;
				CLANG_WARN_BOOL_CONVERSION = YES;
				CLANG_WARN_COMMA = YES;
				CLANG_WARN_CONSTANT_CONVERSION = YES;
				CLANG_WARN_DIRECT_OBJC_ISA_USAGE = YES_ERROR;
				CLANG_WARN_DOCUMENTATION_COMMENTS = YES;
				CLANG_WARN_EMPTY_BODY = YES;
				CLANG_WARN_ENUM_CONVERSION = YES;
				CLANG_WARN_INFINITE_RECURSION = YES;
				CLANG_WARN_INT_CONVERSION = YES;
				CLANG_WARN_NON_LITERAL_NULL_CONVERSION = YES;
				CLANG_WARN_OBJC_LITERAL_CONVERSION = YES;
				CLANG_WARN_OBJC_ROOT_CLASS = YES_ERROR;
				CLANG_WARN_RANGE_LOOP_ANALYSIS = YES;
				CLANG_WARN_STRICT_PROTOTYPES = YES;
				CLANG_WARN_SUSPICIOUS_MOVE = YES;
				CLANG_WARN_UNGUARDED_AVAILABILITY = YES_AGGRESSIVE;
				CLANG_WARN_UNREACHABLE_CODE = YES;
				CLANG_WARN__DUPLICATE_METHOD_MATCH = YES;
				CODE_SIGN_IDENTITY = "iPhone Developer";
				COPY_PHASE_STRIP = NO;
				DEBUG_INFORMATION_FORMAT = dwarf;
				ENABLE_STRICT_OBJC_MSGSEND = YES;
				ENABLE_TESTABILITY = YES;
				GCC_C_LANGUAGE_STANDARD = gnu11;
				GCC_DYNAMIC_NO_PIC = NO;
				GCC_NO_COMMON_BLOCKS = YES;
				GCC_OPTIMIZATION_LEVEL = 0;
				GCC_PREPROCESSOR_DEFINITIONS = (
					"DEBUG=1",
					"$(inherited)",
				);
				GCC_WARN_64_TO_32_BIT_CONVERSION = YES;
				GCC_WARN_ABOUT_RETURN_TYPE = YES_ERROR;
				GCC_WARN_UNDECLARED_SELECTOR = YES;
				GCC_WARN_UNINITIALIZED_AUTOS = YES_AGGRESSIVE;
				GCC_WARN_UNUSED_FUNCTION = YES;
				GCC_WARN_UNUSED_VARIABLE = YES;
				IPHONEOS_DEPLOYMENT_TARGET = 11.2;
				MTL_ENABLE_DEBUG_INFO = YES;
				ONLY_ACTIVE_ARCH = YES;
				SDKROOT = iphoneos;
				SWIFT_ACTIVE_COMPILATION_CONDITIONS = DEBUG;
				SWIFT_OPTIMIZATION_LEVEL = "-Onone";
			};
			name = Debug;
		};
		97AEA761201CDBBE00A38B84 /* Release */ = {
			isa = XCBuildConfiguration;
			buildSettings = {
				ALWAYS_SEARCH_USER_PATHS = NO;
				CLANG_ANALYZER_NONNULL = YES;
				CLANG_ANALYZER_NUMBER_OBJECT_CONVERSION = YES_AGGRESSIVE;
				CLANG_CXX_LANGUAGE_STANDARD = "gnu++14";
				CLANG_CXX_LIBRARY = "libc++";
				CLANG_ENABLE_MODULES = YES;
				CLANG_ENABLE_OBJC_ARC = YES;
				CLANG_WARN_BLOCK_CAPTURE_AUTORELEASING = YES;
				CLANG_WARN_BOOL_CONVERSION = YES;
				CLANG_WARN_COMMA = YES;
				CLANG_WARN_CONSTANT_CONVERSION = YES;
				CLANG_WARN_DIRECT_OBJC_ISA_USAGE = YES_ERROR;
				CLANG_WARN_DOCUMENTATION_COMMENTS = YES;
				CLANG_WARN_EMPTY_BODY = YES;
				CLANG_WARN_ENUM_CONVERSION = YES;
				CLANG_WARN_INFINITE_RECURSION = YES;
				CLANG_WARN_INT_CONVERSION = YES;
				CLANG_WARN_NON_LITERAL_NULL_CONVERSION = YES;
				CLANG_WARN_OBJC_LITERAL_CONVERSION = YES;
				CLANG_WARN_OBJC_ROOT_CLASS = YES_ERROR;
				CLANG_WARN_RANGE_LOOP_ANALYSIS = YES;
				CLANG_WARN_STRICT_PROTOTYPES = YES;
				CLANG_WARN_SUSPICIOUS_MOVE = YES;
				CLANG_WARN_UNGUARDED_AVAILABILITY = YES_AGGRESSIVE;
				CLANG_WARN_UNREACHABLE_CODE = YES;
				CLANG_WARN__DUPLICATE_METHOD_MATCH = YES;
				CODE_SIGN_IDENTITY = "iPhone Developer";
				COPY_PHASE_STRIP = NO;
				DEBUG_INFORMATION_FORMAT = "dwarf-with-dsym";
				ENABLE_NS_ASSERTIONS = NO;
				ENABLE_STRICT_OBJC_MSGSEND = YES;
				GCC_C_LANGUAGE_STANDARD = gnu11;
				GCC_NO_COMMON_BLOCKS = YES;
				GCC_WARN_64_TO_32_BIT_CONVERSION = YES;
				GCC_WARN_ABOUT_RETURN_TYPE = YES_ERROR;
				GCC_WARN_UNDECLARED_SELECTOR = YES;
				GCC_WARN_UNINITIALIZED_AUTOS = YES_AGGRESSIVE;
				GCC_WARN_UNUSED_FUNCTION = YES;
				GCC_WARN_UNUSED_VARIABLE = YES;
				IPHONEOS_DEPLOYMENT_TARGET = 11.2;
				MTL_ENABLE_DEBUG_INFO = NO;
				SDKROOT = iphoneos;
				SWIFT_OPTIMIZATION_LEVEL = "-Owholemodule";
				VALIDATE_PRODUCT = YES;
			};
			name = Release;
		};
		97AEA763201CDBBE00A38B84 /* Debug */ = {
			isa = XCBuildConfiguration;
			buildSettings = {
				ASSETCATALOG_COMPILER_APPICON_NAME = AppIcon;
				CODE_SIGN_STYLE = Automatic;
				DEVELOPMENT_TEAM = 723KYE3F9E;
				INFOPLIST_FILE = "assignment3-networking/Info.plist";
				LD_RUNPATH_SEARCH_PATHS = "$(inherited) @executable_path/Frameworks";
				PRODUCT_BUNDLE_IDENTIFIER = "mobi.uchicago.assignment3-networking";
				PRODUCT_NAME = "$(TARGET_NAME)";
				SWIFT_VERSION = 4.0;
				TARGETED_DEVICE_FAMILY = "1,2";
			};
			name = Debug;
		};
		97AEA764201CDBBE00A38B84 /* Release */ = {
			isa = XCBuildConfiguration;
			buildSettings = {
				ASSETCATALOG_COMPILER_APPICON_NAME = AppIcon;
				CODE_SIGN_STYLE = Automatic;
				DEVELOPMENT_TEAM = 723KYE3F9E;
				INFOPLIST_FILE = "assignment3-networking/Info.plist";
				LD_RUNPATH_SEARCH_PATHS = "$(inherited) @executable_path/Frameworks";
				PRODUCT_BUNDLE_IDENTIFIER = "mobi.uchicago.assignment3-networking";
				PRODUCT_NAME = "$(TARGET_NAME)";
				SWIFT_VERSION = 4.0;
				TARGETED_DEVICE_FAMILY = "1,2";
			};
			name = Release;
		};
/* End XCBuildConfiguration section */

/* Begin XCConfigurationList section */
		97AEA74B201CDBBE00A38B84 /* Build configuration list for PBXProject "assignment3-networking" */ = {
			isa = XCConfigurationList;
			buildConfigurations = (
				97AEA760201CDBBE00A38B84 /* Debug */,
				97AEA761201CDBBE00A38B84 /* Release */,
			);
			defaultConfigurationIsVisible = 0;
			defaultConfigurationName = Release;
		};
		97AEA762201CDBBE00A38B84 /* Build configuration list for PBXNativeTarget "assignment3-networking" */ = {
			isa = XCConfigurationList;
			buildConfigurations = (
				97AEA763201CDBBE00A38B84 /* Debug */,
				97AEA764201CDBBE00A38B84 /* Release */,
			);
			defaultConfigurationIsVisible = 0;
			defaultConfigurationName = Release;
		};
/* End XCConfigurationList section */
	};
	rootObject = 97AEA748201CDBBE00A38B84 /* Project object */;
}
