// !$*UTF8*$!
{
	archiveVersion = 1;
	classes = {
	};
	objectVersion = 46;
	objects = {

/* Begin PBXBuildFile section */
		973E5E831E6DF231000E213A /* AppDelegate.swift in Sources */ = {isa = PBXBuildFile; fileRef = 973E5E821E6DF231000E213A /* AppDelegate.swift */; };
		973E5E851E6DF231000E213A /* ViewController.swift in Sources */ = {isa = PBXBuildFile; fileRef = 973E5E841E6DF231000E213A /* ViewController.swift */; };
		973E5E881E6DF231000E213A /* Main.storyboard in Resources */ = {isa = PBXBuildFile; fileRef = 973E5E861E6DF231000E213A /* Main.storyboard */; };
		973E5E8A1E6DF231000E213A /* Assets.xcassets in Resources */ = {isa = PBXBuildFile; fileRef = 973E5E891E6DF231000E213A /* Assets.xcassets */; };
		973E5E8D1E6DF231000E213A /* LaunchScreen.storyboard in Resources */ = {isa = PBXBuildFile; fileRef = 973E5E8B1E6DF231000E213A /* LaunchScreen.storyboard */; };
		973E5E981E6DF231000E213A /* LocalNotificationsTests.swift in Sources */ = {isa = PBXBuildFile; fileRef = 973E5E971E6DF231000E213A /* LocalNotificationsTests.swift */; };
		973E5EA31E6DF231000E213A /* LocalNotificationsUITests.swift in Sources */ = {isa = PBXBuildFile; fileRef = 973E5EA21E6DF231000E213A /* LocalNotificationsUITests.swift */; };
		97847EB920490F87009A7344 /* spiderman.jpg in Resources */ = {isa = PBXBuildFile; fileRef = 97847EB820490F87009A7344 /* spiderman.jpg */; };
		97847EBB204926EA009A7344 /* TableViewController.swift in Sources */ = {isa = PBXBuildFile; fileRef = 97847EBA204926EA009A7344 /* TableViewController.swift */; };
/* End PBXBuildFile section */

/* Begin PBXContainerItemProxy section */
		973E5E941E6DF231000E213A /* PBXContainerItemProxy */ = {
			isa = PBXContainerItemProxy;
			containerPortal = 973E5E771E6DF231000E213A /* Project object */;
			proxyType = 1;
			remoteGlobalIDString = 973E5E7E1E6DF231000E213A;
			remoteInfo = LocalNotifications;
		};
		973E5E9F1E6DF231000E213A /* PBXContainerItemProxy */ = {
			isa = PBXContainerItemProxy;
			containerPortal = 973E5E771E6DF231000E213A /* Project object */;
			proxyType = 1;
			remoteGlobalIDString = 973E5E7E1E6DF231000E213A;
			remoteInfo = LocalNotifications;
		};
/* End PBXContainerItemProxy section */

/* Begin PBXFileReference section */
		973E5E7F1E6DF231000E213A /* LocalNotifications.app */ = {isa = PBXFileReference; explicitFileType = wrapper.application; includeInIndex = 0; path = LocalNotifications.app; sourceTree = BUILT_PRODUCTS_DIR; };
		973E5E821E6DF231000E213A /* AppDelegate.swift */ = {isa = PBXFileReference; lastKnownFileType = sourcecode.swift; path = AppDelegate.swift; sourceTree = "<group>"; };
		973E5E841E6DF231000E213A /* ViewController.swift */ = {isa = PBXFileReference; lastKnownFileType = sourcecode.swift; path = ViewController.swift; sourceTree = "<group>"; };
		973E5E871E6DF231000E213A /* Base */ = {isa = PBXFileReference; lastKnownFileType = file.storyboard; name = Base; path = Base.lproj/Main.storyboard; sourceTree = "<group>"; };
		973E5E891E6DF231000E213A /* Assets.xcassets */ = {isa = PBXFileReference; lastKnownFileType = folder.assetcatalog; path = Assets.xcassets; sourceTree = "<group>"; };
		973E5E8C1E6DF231000E213A /* Base */ = {isa = PBXFileReference; lastKnownFileType = file.storyboard; name = Base; path = Base.lproj/LaunchScreen.storyboard; sourceTree = "<group>"; };
		973E5E8E1E6DF231000E213A /* Info.plist */ = {isa = PBXFileReference; lastKnownFileType = text.plist.xml; path = Info.plist; sourceTree = "<group>"; };
		973E5E931E6DF231000E213A /* LocalNotificationsTests.xctest */ = {isa = PBXFileReference; explicitFileType = wrapper.cfbundle; includeInIndex = 0; path = LocalNotificationsTests.xctest; sourceTree = BUILT_PRODUCTS_DIR; };
		973E5E971E6DF231000E213A /* LocalNotificationsTests.swift */ = {isa = PBXFileReference; lastKnownFileType = sourcecode.swift; path = LocalNotificationsTests.swift; sourceTree = "<group>"; };
		973E5E991E6DF231000E213A /* Info.plist */ = {isa = PBXFileReference; lastKnownFileType = text.plist.xml; path = Info.plist; sourceTree = "<group>"; };
		973E5E9E1E6DF231000E213A /* LocalNotificationsUITests.xctest */ = {isa = PBXFileReference; explicitFileType = wrapper.cfbundle; includeInIndex = 0; path = LocalNotificationsUITests.xctest; sourceTree = BUILT_PRODUCTS_DIR; };
		973E5EA21E6DF231000E213A /* LocalNotificationsUITests.swift */ = {isa = PBXFileReference; lastKnownFileType = sourcecode.swift; path = LocalNotificationsUITests.swift; sourceTree = "<group>"; };
		973E5EA41E6DF231000E213A /* Info.plist */ = {isa = PBXFileReference; lastKnownFileType = text.plist.xml; path = Info.plist; sourceTree = "<group>"; };
		97847EB820490F87009A7344 /* spiderman.jpg */ = {isa = PBXFileReference; lastKnownFileType = image.jpeg; path = spiderman.jpg; sourceTree = "<group>"; };
		97847EBA204926EA009A7344 /* TableViewController.swift */ = {isa = PBXFileReference; lastKnownFileType = sourcecode.swift; path = TableViewController.swift; sourceTree = "<group>"; };
/* End PBXFileReference section */

/* Begin PBXFrameworksBuildPhase section */
		973E5E7C1E6DF231000E213A /* Frameworks */ = {
			isa = PBXFrameworksBuildPhase;
			buildActionMask = 2147483647;
			files = (
			);
			runOnlyForDeploymentPostprocessing = 0;
		};
		973E5E901E6DF231000E213A /* Frameworks */ = {
			isa = PBXFrameworksBuildPhase;
			buildActionMask = 2147483647;
			files = (
			);
			runOnlyForDeploymentPostprocessing = 0;
		};
		973E5E9B1E6DF231000E213A /* Frameworks */ = {
			isa = PBXFrameworksBuildPhase;
			buildActionMask = 2147483647;
			files = (
			);
			runOnlyForDeploymentPostprocessing = 0;
		};
/* End PBXFrameworksBuildPhase section */

/* Begin PBXGroup section */
		973E5E761E6DF231000E213A = {
			isa = PBXGroup;
			children = (
				973E5E811E6DF231000E213A /* LocalNotifications */,
				973E5E961E6DF231000E213A /* LocalNotificationsTests */,
				973E5EA11E6DF231000E213A /* LocalNotificationsUITests */,
				973E5E801E6DF231000E213A /* Products */,
			);
			sourceTree = "<group>";
		};
		973E5E801E6DF231000E213A /* Products */ = {
			isa = PBXGroup;
			children = (
				973E5E7F1E6DF231000E213A /* LocalNotifications.app */,
				973E5E931E6DF231000E213A /* LocalNotificationsTests.xctest */,
				973E5E9E1E6DF231000E213A /* LocalNotificationsUITests.xctest */,
			);
			name = Products;
			sourceTree = "<group>";
		};
		973E5E811E6DF231000E213A /* LocalNotifications */ = {
			isa = PBXGroup;
			children = (
				97847EB820490F87009A7344 /* spiderman.jpg */,
				973E5E821E6DF231000E213A /* AppDelegate.swift */,
				973E5E841E6DF231000E213A /* ViewController.swift */,
				973E5E861E6DF231000E213A /* Main.storyboard */,
				97847EBA204926EA009A7344 /* TableViewController.swift */,
				973E5E891E6DF231000E213A /* Assets.xcassets */,
				973E5E8B1E6DF231000E213A /* LaunchScreen.storyboard */,
				973E5E8E1E6DF231000E213A /* Info.plist */,
			);
			path = LocalNotifications;
			sourceTree = "<group>";
		};
		973E5E961E6DF231000E213A /* LocalNotificationsTests */ = {
			isa = PBXGroup;
			children = (
				973E5E971E6DF231000E213A /* LocalNotificationsTests.swift */,
				973E5E991E6DF231000E213A /* Info.plist */,
			);
			path = LocalNotificationsTests;
			sourceTree = "<group>";
		};
		973E5EA11E6DF231000E213A /* LocalNotificationsUITests */ = {
			isa = PBXGroup;
			children = (
				973E5EA21E6DF231000E213A /* LocalNotificationsUITests.swift */,
				973E5EA41E6DF231000E213A /* Info.plist */,
			);
			path = LocalNotificationsUITests;
			sourceTree = "<group>";
		};
/* End PBXGroup section */

/* Begin PBXNativeTarget section */
		973E5E7E1E6DF231000E213A /* LocalNotifications */ = {
			isa = PBXNativeTarget;
			buildConfigurationList = 973E5EA71E6DF231000E213A /* Build configuration list for PBXNativeTarget "LocalNotifications" */;
			buildPhases = (
				973E5E7B1E6DF231000E213A /* Sources */,
				973E5E7C1E6DF231000E213A /* Frameworks */,
				973E5E7D1E6DF231000E213A /* Resources */,
			);
			buildRules = (
			);
			dependencies = (
			);
			name = LocalNotifications;
			productName = LocalNotifications;
			productReference = 973E5E7F1E6DF231000E213A /* LocalNotifications.app */;
			productType = "com.apple.product-type.application";
		};
		973E5E921E6DF231000E213A /* LocalNotificationsTests */ = {
			isa = PBXNativeTarget;
			buildConfigurationList = 973E5EAA1E6DF231000E213A /* Build configuration list for PBXNativeTarget "LocalNotificationsTests" */;
			buildPhases = (
				973E5E8F1E6DF231000E213A /* Sources */,
				973E5E901E6DF231000E213A /* Frameworks */,
				973E5E911E6DF231000E213A /* Resources */,
			);
			buildRules = (
			);
			dependencies = (
				973E5E951E6DF231000E213A /* PBXTargetDependency */,
			);
			name = LocalNotificationsTests;
			productName = LocalNotificationsTests;
			productReference = 973E5E931E6DF231000E213A /* LocalNotificationsTests.xctest */;
			productType = "com.apple.product-type.bundle.unit-test";
		};
		973E5E9D1E6DF231000E213A /* LocalNotificationsUITests */ = {
			isa = PBXNativeTarget;
			buildConfigurationList = 973E5EAD1E6DF231000E213A /* Build configuration list for PBXNativeTarget "LocalNotificationsUITests" */;
			buildPhases = (
				973E5E9A1E6DF231000E213A /* Sources */,
				973E5E9B1E6DF231000E213A /* Frameworks */,
				973E5E9C1E6DF231000E213A /* Resources */,
			);
			buildRules = (
			);
			dependencies = (
				973E5EA01E6DF231000E213A /* PBXTargetDependency */,
			);
			name = LocalNotificationsUITests;
			productName = LocalNotificationsUITests;
			productReference = 973E5E9E1E6DF231000E213A /* LocalNotificationsUITests.xctest */;
			productType = "com.apple.product-type.bundle.ui-testing";
		};
/* End PBXNativeTarget section */

/* Begin PBXProject section */
		973E5E771E6DF231000E213A /* Project object */ = {
			isa = PBXProject;
			attributes = {
				LastSwiftUpdateCheck = 0820;
				LastUpgradeCheck = 0920;
				ORGANIZATIONNAME = "T. Andrew Binkowski";
				TargetAttributes = {
					973E5E7E1E6DF231000E213A = {
						CreatedOnToolsVersion = 8.2.1;
						LastSwiftMigration = 0920;
						ProvisioningStyle = Automatic;
					};
					973E5E921E6DF231000E213A = {
						CreatedOnToolsVersion = 8.2.1;
						LastSwiftMigration = 0920;
						ProvisioningStyle = Automatic;
						TestTargetID = 973E5E7E1E6DF231000E213A;
					};
					973E5E9D1E6DF231000E213A = {
						CreatedOnToolsVersion = 8.2.1;
						LastSwiftMigration = 0920;
						ProvisioningStyle = Automatic;
						TestTargetID = 973E5E7E1E6DF231000E213A;
					};
				};
			};
			buildConfigurationList = 973E5E7A1E6DF231000E213A /* Build configuration list for PBXProject "LocalNotifications" */;
			compatibilityVersion = "Xcode 3.2";
			developmentRegion = English;
			hasScannedForEncodings = 0;
			knownRegions = (
				en,
				Base,
			);
			mainGroup = 973E5E761E6DF231000E213A;
			productRefGroup = 973E5E801E6DF231000E213A /* Products */;
			projectDirPath = "";
			projectRoot = "";
			targets = (
				973E5E7E1E6DF231000E213A /* LocalNotifications */,
				973E5E921E6DF231000E213A /* LocalNotificationsTests */,
				973E5E9D1E6DF231000E213A /* LocalNotificationsUITests */,
			);
		};
/* End PBXProject section */

/* Begin PBXResourcesBuildPhase section */
		973E5E7D1E6DF231000E213A /* Resources */ = {
			isa = PBXResourcesBuildPhase;
			buildActionMask = 2147483647;
			files = (
				973E5E8D1E6DF231000E213A /* LaunchScreen.storyboard in Resources */,
				97847EB920490F87009A7344 /* spiderman.jpg in Resources */,
				973E5E8A1E6DF231000E213A /* Assets.xcassets in Resources */,
				973E5E881E6DF231000E213A /* Main.storyboard in Resources */,
			);
			runOnlyForDeploymentPostprocessing = 0;
		};
		973E5E911E6DF231000E213A /* Resources */ = {
			isa = PBXResourcesBuildPhase;
			buildActionMask = 2147483647;
			files = (
			);
			runOnlyForDeploymentPostprocessing = 0;
		};
		973E5E9C1E6DF231000E213A /* Resources */ = {
			isa = PBXResourcesBuildPhase;
			buildActionMask = 2147483647;
			files = (
			);
			runOnlyForDeploymentPostprocessing = 0;
		};
/* End PBXResourcesBuildPhase section */

/* Begin PBXSourcesBuildPhase section */
		973E5E7B1E6DF231000E213A /* Sources */ = {
			isa = PBXSourcesBuildPhase;
			buildActionMask = 2147483647;
			files = (
				973E5E851E6DF231000E213A /* ViewController.swift in Sources */,
				97847EBB204926EA009A7344 /* TableViewController.swift in Sources */,
				973E5E831E6DF231000E213A /* AppDelegate.swift in Sources */,
			);
			runOnlyForDeploymentPostprocessing = 0;
		};
		973E5E8F1E6DF231000E213A /* Sources */ = {
			isa = PBXSourcesBuildPhase;
			buildActionMask = 2147483647;
			files = (
				973E5E981E6DF231000E213A /* LocalNotificationsTests.swift in Sources */,
			);
			runOnlyForDeploymentPostprocessing = 0;
		};
		973E5E9A1E6DF231000E213A /* Sources */ = {
			isa = PBXSourcesBuildPhase;
			buildActionMask = 2147483647;
			files = (
				973E5EA31E6DF231000E213A /* LocalNotificationsUITests.swift in Sources */,
			);
			runOnlyForDeploymentPostprocessing = 0;
		};
/* End PBXSourcesBuildPhase section */

/* Begin PBXTargetDependency section */
		973E5E951E6DF231000E213A /* PBXTargetDependency */ = {
			isa = PBXTargetDependency;
			target = 973E5E7E1E6DF231000E213A /* LocalNotifications */;
			targetProxy = 973E5E941E6DF231000E213A /* PBXContainerItemProxy */;
		};
		973E5EA01E6DF231000E213A /* PBXTargetDependency */ = {
			isa = PBXTargetDependency;
			target = 973E5E7E1E6DF231000E213A /* LocalNotifications */;
			targetProxy = 973E5E9F1E6DF231000E213A /* PBXContainerItemProxy */;
		};
/* End PBXTargetDependency section */

/* Begin PBXVariantGroup section */
		973E5E861E6DF231000E213A /* Main.storyboard */ = {
			isa = PBXVariantGroup;
			children = (
				973E5E871E6DF231000E213A /* Base */,
			);
			name = Main.storyboard;
			sourceTree = "<group>";
		};
		973E5E8B1E6DF231000E213A /* LaunchScreen.storyboard */ = {
			isa = PBXVariantGroup;
			children = (
				973E5E8C1E6DF231000E213A /* Base */,
			);
			name = LaunchScreen.storyboard;
			sourceTree = "<group>";
		};
/* End PBXVariantGroup section */

/* Begin XCBuildConfiguration section */
		973E5EA51E6DF231000E213A /* Debug */ = {
			isa = XCBuildConfiguration;
			buildSettings = {
				ALWAYS_SEARCH_USER_PATHS = NO;
				CLANG_ANALYZER_NONNULL = YES;
				CLANG_CXX_LANGUAGE_STANDARD = "gnu++0x";
				CLANG_CXX_LIBRARY = "libc++";
				CLANG_ENABLE_MODULES = YES;
				CLANG_ENABLE_OBJC_ARC = YES;
				CLANG_WARN_BLOCK_CAPTURE_AUTORELEASING = YES;
				CLANG_WARN_BOOL_CONVERSION = YES;
				CLANG_WARN_COMMA = YES;
				CLANG_WARN_CONSTANT_CONVERSION = YES;
				CLANG_WARN_DIRECT_OBJC_ISA_USAGE = YES_ERROR;
				CLANG_WARN_DOCUMENTATION_COMMENTS = YES;
				CLANG_WARN_EMPTY_BODY = YES;
				CLANG_WARN_ENUM_CONVERSION = YES;
				CLANG_WARN_INFINITE_RECURSION = YES;
				CLANG_WARN_INT_CONVERSION = YES;
				CLANG_WARN_NON_LITERAL_NULL_CONVERSION = YES;
				CLANG_WARN_OBJC_LITERAL_CONVERSION = YES;
				CLANG_WARN_OBJC_ROOT_CLASS = YES_ERROR;
				CLANG_WARN_RANGE_LOOP_ANALYSIS = YES;
				CLANG_WARN_STRICT_PROTOTYPES = YES;
				CLANG_WARN_SUSPICIOUS_MOVE = YES;
				CLANG_WARN_UNREACHABLE_CODE = YES;
				CLANG_WARN__DUPLICATE_METHOD_MATCH = YES;
				"CODE_SIGN_IDENTITY[sdk=iphoneos*]" = "iPhone Developer";
				COPY_PHASE_STRIP = NO;
				DEBUG_INFORMATION_FORMAT = dwarf;
				ENABLE_STRICT_OBJC_MSGSEND = YES;
				ENABLE_TESTABILITY = YES;
				GCC_C_LANGUAGE_STANDARD = gnu99;
				GCC_DYNAMIC_NO_PIC = NO;
				GCC_NO_COMMON_BLOCKS = YES;
				GCC_OPTIMIZATION_LEVEL = 0;
				GCC_PREPROCESSOR_DEFINITIONS = (
					"DEBUG=1",
					"$(inherited)",
				);
				GCC_WARN_64_TO_32_BIT_CONVERSION = YES;
				GCC_WARN_ABOUT_RETURN_TYPE = YES_ERROR;
				GCC_WARN_UNDECLARED_SELECTOR = YES;
				GCC_WARN_UNINITIALIZED_AUTOS = YES_AGGRESSIVE;
				GCC_WARN_UNUSED_FUNCTION = YES;
				GCC_WARN_UNUSED_VARIABLE = YES;
				IPHONEOS_DEPLOYMENT_TARGET = 11.0;
				MTL_ENABLE_DEBUG_INFO = YES;
				ONLY_ACTIVE_ARCH = YES;
				SDKROOT = iphoneos;
				SWIFT_ACTIVE_COMPILATION_CONDITIONS = DEBUG;
				SWIFT_OPTIMIZATION_LEVEL = "-Onone";
				TARGETED_DEVICE_FAMILY = "1,2";
			};
			name = Debug;
		};
		973E5EA61E6DF231000E213A /* Release */ = {
			isa = XCBuildConfiguration;
			buildSettings = {
				ALWAYS_SEARCH_USER_PATHS = NO;
				CLANG_ANALYZER_NONNULL = YES;
				CLANG_CXX_LANGUAGE_STANDARD = "gnu++0x";
				CLANG_CXX_LIBRARY = "libc++";
				CLANG_ENABLE_MODULES = YES;
				CLANG_ENABLE_OBJC_ARC = YES;
				CLANG_WARN_BLOCK_CAPTURE_AUTORELEASING = YES;
				CLANG_WARN_BOOL_CONVERSION = YES;
				CLANG_WARN_COMMA = YES;
				CLANG_WARN_CONSTANT_CONVERSION = YES;
				CLANG_WARN_DIRECT_OBJC_ISA_USAGE = YES_ERROR;
				CLANG_WARN_DOCUMENTATION_COMMENTS = YES;
				CLANG_WARN_EMPTY_BODY = YES;
				CLANG_WARN_ENUM_CONVERSION = YES;
				CLANG_WARN_INFINITE_RECURSION = YES;
				CLANG_WARN_INT_CONVERSION = YES;
				CLANG_WARN_NON_LITERAL_NULL_CONVERSION = YES;
				CLANG_WARN_OBJC_LITERAL_CONVERSION = YES;
				CLANG_WARN_OBJC_ROOT_CLASS = YES_ERROR;
				CLANG_WARN_RANGE_LOOP_ANALYSIS = YES;
				CLANG_WARN_STRICT_PROTOTYPES = YES;
				CLANG_WARN_SUSPICIOUS_MOVE = YES;
				CLANG_WARN_UNREACHABLE_CODE = YES;
				CLANG_WARN__DUPLICATE_METHOD_MATCH = YES;
				"CODE_SIGN_IDENTITY[sdk=iphoneos*]" = "iPhone Developer";
				COPY_PHASE_STRIP = NO;
				DEBUG_INFORMATION_FORMAT = "dwarf-with-dsym";
				ENABLE_NS_ASSERTIONS = NO;
				ENABLE_STRICT_OBJC_MSGSEND = YES;
				GCC_C_LANGUAGE_STANDARD = gnu99;
				GCC_NO_COMMON_BLOCKS = YES;
				GCC_WARN_64_TO_32_BIT_CONVERSION = YES;
				GCC_WARN_ABOUT_RETURN_TYPE = YES_ERROR;
				GCC_WARN_UNDECLARED_SELECTOR = YES;
				GCC_WARN_UNINITIALIZED_AUTOS = YES_AGGRESSIVE;
				GCC_WARN_UNUSED_FUNCTION = YES;
				GCC_WARN_UNUSED_VARIABLE = YES;
				IPHONEOS_DEPLOYMENT_TARGET = 11.0;
				MTL_ENABLE_DEBUG_INFO = NO;
				SDKROOT = iphoneos;
				SWIFT_OPTIMIZATION_LEVEL = "-Owholemodule";
				TARGETED_DEVICE_FAMILY = "1,2";
				VALIDATE_PRODUCT = YES;
			};
			name = Release;
		};
		973E5EA81E6DF231000E213A /* Debug */ = {
			isa = XCBuildConfiguration;
			buildSettings = {
				ASSETCATALOG_COMPILER_APPICON_NAME = AppIcon;
				INFOPLIST_FILE = LocalNotifications/Info.plist;
				LD_RUNPATH_SEARCH_PATHS = "$(inherited) @executable_path/Frameworks";
				PRODUCT_BUNDLE_IDENTIFIER = mobi.uchicago.LocalNotifications;
				PRODUCT_NAME = "$(TARGET_NAME)";
				SWIFT_SWIFT3_OBJC_INFERENCE = On;
				SWIFT_VERSION = 4.0;
			};
			name = Debug;
		};
		973E5EA91E6DF231000E213A /* Release */ = {
			isa = XCBuildConfiguration;
			buildSettings = {
				ASSETCATALOG_COMPILER_APPICON_NAME = AppIcon;
				INFOPLIST_FILE = LocalNotifications/Info.plist;
				LD_RUNPATH_SEARCH_PATHS = "$(inherited) @executable_path/Frameworks";
				PRODUCT_BUNDLE_IDENTIFIER = mobi.uchicago.LocalNotifications;
				PRODUCT_NAME = "$(TARGET_NAME)";
				SWIFT_SWIFT3_OBJC_INFERENCE = On;
				SWIFT_VERSION = 4.0;
			};
			name = Release;
		};
		973E5EAB1E6DF231000E213A /* Debug */ = {
			isa = XCBuildConfiguration;
			buildSettings = {
				ALWAYS_EMBED_SWIFT_STANDARD_LIBRARIES = YES;
				BUNDLE_LOADER = "$(TEST_HOST)";
				INFOPLIST_FILE = LocalNotificationsTests/Info.plist;
				LD_RUNPATH_SEARCH_PATHS = "$(inherited) @executable_path/Frameworks @loader_path/Frameworks";
				PRODUCT_BUNDLE_IDENTIFIER = mobi.uchicago.LocalNotificationsTests;
				PRODUCT_NAME = "$(TARGET_NAME)";
				SWIFT_SWIFT3_OBJC_INFERENCE = On;
				SWIFT_VERSION = 4.0;
				TEST_HOST = "$(BUILT_PRODUCTS_DIR)/LocalNotifications.app/LocalNotifications";
			};
			name = Debug;
		};
		973E5EAC1E6DF231000E213A /* Release */ = {
			isa = XCBuildConfiguration;
			buildSettings = {
				ALWAYS_EMBED_SWIFT_STANDARD_LIBRARIES = YES;
				BUNDLE_LOADER = "$(TEST_HOST)";
				INFOPLIST_FILE = LocalNotificationsTests/Info.plist;
				LD_RUNPATH_SEARCH_PATHS = "$(inherited) @executable_path/Frameworks @loader_path/Frameworks";
				PRODUCT_BUNDLE_IDENTIFIER = mobi.uchicago.LocalNotificationsTests;
				PRODUCT_NAME = "$(TARGET_NAME)";
				SWIFT_SWIFT3_OBJC_INFERENCE = On;
				SWIFT_VERSION = 4.0;
				TEST_HOST = "$(BUILT_PRODUCTS_DIR)/LocalNotifications.app/LocalNotifications";
			};
			name = Release;
		};
		973E5EAE1E6DF231000E213A /* Debug */ = {
			isa = XCBuildConfiguration;
			buildSettings = {
				ALWAYS_EMBED_SWIFT_STANDARD_LIBRARIES = YES;
				INFOPLIST_FILE = LocalNotificationsUITests/Info.plist;
				LD_RUNPATH_SEARCH_PATHS = "$(inherited) @executable_path/Frameworks @loader_path/Frameworks";
				PRODUCT_BUNDLE_IDENTIFIER = mobi.uchicago.LocalNotificationsUITests;
				PRODUCT_NAME = "$(TARGET_NAME)";
				SWIFT_SWIFT3_OBJC_INFERENCE = On;
				SWIFT_VERSION = 4.0;
				TEST_TARGET_NAME = LocalNotifications;
			};
			name = Debug;
		};
		973E5EAF1E6DF231000E213A /* Release */ = {
			isa = XCBuildConfiguration;
			buildSettings = {
				ALWAYS_EMBED_SWIFT_STANDARD_LIBRARIES = YES;
				INFOPLIST_FILE = LocalNotificationsUITests/Info.plist;
				LD_RUNPATH_SEARCH_PATHS = "$(inherited) @executable_path/Frameworks @loader_path/Frameworks";
				PRODUCT_BUNDLE_IDENTIFIER = mobi.uchicago.LocalNotificationsUITests;
				PRODUCT_NAME = "$(TARGET_NAME)";
				SWIFT_SWIFT3_OBJC_INFERENCE = On;
				SWIFT_VERSION = 4.0;
				TEST_TARGET_NAME = LocalNotifications;
			};
			name = Release;
		};
/* End XCBuildConfiguration section */

/* Begin XCConfigurationList section */
		973E5E7A1E6DF231000E213A /* Build configuration list for PBXProject "LocalNotifications" */ = {
			isa = XCConfigurationList;
			buildConfigurations = (
				973E5EA51E6DF231000E213A /* Debug */,
				973E5EA61E6DF231000E213A /* Release */,
			);
			defaultConfigurationIsVisible = 0;
			defaultConfigurationName = Release;
		};
		973E5EA71E6DF231000E213A /* Build configuration list for PBXNativeTarget "LocalNotifications" */ = {
			isa = XCConfigurationList;
			buildConfigurations = (
				973E5EA81E6DF231000E213A /* Debug */,
				973E5EA91E6DF231000E213A /* Release */,
			);
			defaultConfigurationIsVisible = 0;
			defaultConfigurationName = Release;
		};
		973E5EAA1E6DF231000E213A /* Build configuration list for PBXNativeTarget "LocalNotificationsTests" */ = {
			isa = XCConfigurationList;
			buildConfigurations = (
				973E5EAB1E6DF231000E213A /* Debug */,
				973E5EAC1E6DF231000E213A /* Release */,
			);
			defaultConfigurationIsVisible = 0;
			defaultConfigurationName = Release;
		};
		973E5EAD1E6DF231000E213A /* Build configuration list for PBXNativeTarget "LocalNotificationsUITests" */ = {
			isa = XCConfigurationList;
			buildConfigurations = (
				973E5EAE1E6DF231000E213A /* Debug */,
				973E5EAF1E6DF231000E213A /* Release */,
			);
			defaultConfigurationIsVisible = 0;
			defaultConfigurationName = Release;
		};
/* End XCConfigurationList section */
	};
	rootObject = 973E5E771E6DF231000E213A /* Project object */;
}
