// !$*UTF8*$!
{
	archiveVersion = 1;
	classes = {
	};
	objectVersion = 46;
	objects = {

/* Begin PBXBuildFile section */
		37D39C821D2207DB009B5BFF /* AppDelegate.swift in Sources */ = {isa = PBXBuildFile; fileRef = 37D39C811D2207DB009B5BFF /* AppDelegate.swift */; };
		37D39C841D2207DB009B5BFF /* ViewController.swift in Sources */ = {isa = PBXBuildFile; fileRef = 37D39C831D2207DB009B5BFF /* ViewController.swift */; };
		37D39C871D2207DB009B5BFF /* Main.storyboard in Resources */ = {isa = PBXBuildFile; fileRef = 37D39C851D2207DB009B5BFF /* Main.storyboard */; };
		37D39C891D2207DB009B5BFF /* Assets.xcassets in Resources */ = {isa = PBXBuildFile; fileRef = 37D39C881D2207DB009B5BFF /* Assets.xcassets */; };
		37D39C8C1D2207DB009B5BFF /* LaunchScreen.storyboard in Resources */ = {isa = PBXBuildFile; fileRef = 37D39C8A1D2207DB009B5BFF /* LaunchScreen.storyboard */; };
/* End PBXBuildFile section */

/* Begin PBXFileReference section */
		37D39C7E1D2207DB009B5BFF /* ScrollDemo.app */ = {isa = PBXFileReference; explicitFileType = wrapper.application; includeInIndex = 0; path = ScrollDemo.app; sourceTree = BUILT_PRODUCTS_DIR; };
		37D39C811D2207DB009B5BFF /* AppDelegate.swift */ = {isa = PBXFileReference; lastKnownFileType = sourcecode.swift; path = AppDelegate.swift; sourceTree = "<group>"; };
		37D39C831D2207DB009B5BFF /* ViewController.swift */ = {isa = PBXFileReference; lastKnownFileType = sourcecode.swift; path = ViewController.swift; sourceTree = "<group>"; };
		37D39C861D2207DB009B5BFF /* Base */ = {isa = PBXFileReference; lastKnownFileType = file.storyboard; name = Base; path = Base.lproj/Main.storyboard; sourceTree = "<group>"; };
		37D39C881D2207DB009B5BFF /* Assets.xcassets */ = {isa = PBXFileReference; lastKnownFileType = folder.assetcatalog; path = Assets.xcassets; sourceTree = "<group>"; };
		37D39C8B1D2207DB009B5BFF /* Base */ = {isa = PBXFileReference; lastKnownFileType = file.storyboard; name = Base; path = Base.lproj/LaunchScreen.storyboard; sourceTree = "<group>"; };
		37D39C8D1D2207DB009B5BFF /* Info.plist */ = {isa = PBXFileReference; lastKnownFileType = text.plist.xml; path = Info.plist; sourceTree = "<group>"; };
/* End PBXFileReference section */

/* Begin PBXFrameworksBuildPhase section */
		37D39C7B1D2207DB009B5BFF /* Frameworks */ = {
			isa = PBXFrameworksBuildPhase;
			buildActionMask = 2147483647;
			files = (
			);
			runOnlyForDeploymentPostprocessing = 0;
		};
/* End PBXFrameworksBuildPhase section */

/* Begin PBXGroup section */
		37D39C751D2207DB009B5BFF = {
			isa = PBXGroup;
			children = (
				37D39C801D2207DB009B5BFF /* ScrollDemo */,
				37D39C7F1D2207DB009B5BFF /* Products */,
			);
			sourceTree = "<group>";
		};
		37D39C7F1D2207DB009B5BFF /* Products */ = {
			isa = PBXGroup;
			children = (
				37D39C7E1D2207DB009B5BFF /* ScrollDemo.app */,
			);
			name = Products;
			sourceTree = "<group>";
		};
		37D39C801D2207DB009B5BFF /* ScrollDemo */ = {
			isa = PBXGroup;
			children = (
				37D39C811D2207DB009B5BFF /* AppDelegate.swift */,
				37D39C831D2207DB009B5BFF /* ViewController.swift */,
				37D39C851D2207DB009B5BFF /* Main.storyboard */,
				37D39C881D2207DB009B5BFF /* Assets.xcassets */,
				37D39C8A1D2207DB009B5BFF /* LaunchScreen.storyboard */,
				37D39C8D1D2207DB009B5BFF /* Info.plist */,
			);
			path = ScrollDemo;
			sourceTree = "<group>";
		};
/* End PBXGroup section */

/* Begin PBXNativeTarget section */
		37D39C7D1D2207DB009B5BFF /* ScrollDemo */ = {
			isa = PBXNativeTarget;
			buildConfigurationList = 37D39C901D2207DB009B5BFF /* Build configuration list for PBXNativeTarget "ScrollDemo" */;
			buildPhases = (
				37D39C7A1D2207DB009B5BFF /* Sources */,
				37D39C7B1D2207DB009B5BFF /* Frameworks */,
				37D39C7C1D2207DB009B5BFF /* Resources */,
			);
			buildRules = (
			);
			dependencies = (
			);
			name = ScrollDemo;
			productName = ScrollDemo;
			productReference = 37D39C7E1D2207DB009B5BFF /* ScrollDemo.app */;
			productType = "com.apple.product-type.application";
		};
/* End PBXNativeTarget section */

/* Begin PBXProject section */
		37D39C761D2207DB009B5BFF /* Project object */ = {
			isa = PBXProject;
			attributes = {
				LastSwiftUpdateCheck = 0730;
				LastUpgradeCheck = 0730;
				ORGANIZATIONNAME = "The University of Chicago, Department of Computer Science";
				TargetAttributes = {
					37D39C7D1D2207DB009B5BFF = {
						CreatedOnToolsVersion = 7.3;
						LastSwiftMigration = 0830;
						SystemCapabilities = {
							com.apple.BackgroundModes = {
								enabled = 1;
							};
						};
					};
				};
			};
			buildConfigurationList = 37D39C791D2207DB009B5BFF /* Build configuration list for PBXProject "ScrollDemo" */;
			compatibilityVersion = "Xcode 3.2";
			developmentRegion = English;
			hasScannedForEncodings = 0;
			knownRegions = (
				en,
				Base,
			);
			mainGroup = 37D39C751D2207DB009B5BFF;
			productRefGroup = 37D39C7F1D2207DB009B5BFF /* Products */;
			projectDirPath = "";
			projectRoot = "";
			targets = (
				37D39C7D1D2207DB009B5BFF /* ScrollDemo */,
			);
		};
/* End PBXProject section */

/* Begin PBXResourcesBuildPhase section */
		37D39C7C1D2207DB009B5BFF /* Resources */ = {
			isa = PBXResourcesBuildPhase;
			buildActionMask = 2147483647;
			files = (
				37D39C8C1D2207DB009B5BFF /* LaunchScreen.storyboard in Resources */,
				37D39C891D2207DB009B5BFF /* Assets.xcassets in Resources */,
				37D39C871D2207DB009B5BFF /* Main.storyboard in Resources */,
			);
			runOnlyForDeploymentPostprocessing = 0;
		};
/* End PBXResourcesBuildPhase section */

/* Begin PBXSourcesBuildPhase section */
		37D39C7A1D2207DB009B5BFF /* Sources */ = {
			isa = PBXSourcesBuildPhase;
			buildActionMask = 2147483647;
			files = (
				37D39C841D2207DB009B5BFF /* ViewController.swift in Sources */,
				37D39C821D2207DB009B5BFF /* AppDelegate.swift in Sources */,
			);
			runOnlyForDeploymentPostprocessing = 0;
		};
/* End PBXSourcesBuildPhase section */

/* Begin PBXVariantGroup section */
		37D39C851D2207DB009B5BFF /* Main.storyboard */ = {
			isa = PBXVariantGroup;
			children = (
				37D39C861D2207DB009B5BFF /* Base */,
			);
			name = Main.storyboard;
			sourceTree = "<group>";
		};
		37D39C8A1D2207DB009B5BFF /* LaunchScreen.storyboard */ = {
			isa = PBXVariantGroup;
			children = (
				37D39C8B1D2207DB009B5BFF /* Base */,
			);
			name = LaunchScreen.storyboard;
			sourceTree = "<group>";
		};
/* End PBXVariantGroup section */

/* Begin XCBuildConfiguration section */
		37D39C8E1D2207DB009B5BFF /* Debug */ = {
			isa = XCBuildConfiguration;
			buildSettings = {
				ALWAYS_SEARCH_USER_PATHS = NO;
				CLANG_ANALYZER_NONNULL = YES;
				CLANG_CXX_LANGUAGE_STANDARD = "gnu++0x";
				CLANG_CXX_LIBRARY = "libc++";
				CLANG_ENABLE_MODULES = YES;
				CLANG_ENABLE_OBJC_ARC = YES;
				CLANG_WARN_BOOL_CONVERSION = YES;
				CLANG_WARN_CONSTANT_CONVERSION = YES;
				CLANG_WARN_DIRECT_OBJC_ISA_USAGE = YES_ERROR;
				CLANG_WARN_EMPTY_BODY = YES;
				CLANG_WARN_ENUM_CONVERSION = YES;
				CLANG_WARN_INT_CONVERSION = YES;
				CLANG_WARN_OBJC_ROOT_CLASS = YES_ERROR;
				CLANG_WARN_UNREACHABLE_CODE = YES;
				CLANG_WARN__DUPLICATE_METHOD_MATCH = YES;
				"CODE_SIGN_IDENTITY[sdk=iphoneos*]" = "iPhone Developer";
				COPY_PHASE_STRIP = NO;
				DEBUG_INFORMATION_FORMAT = dwarf;
				ENABLE_STRICT_OBJC_MSGSEND = YES;
				ENABLE_TESTABILITY = YES;
				GCC_C_LANGUAGE_STANDARD = gnu99;
				GCC_DYNAMIC_NO_PIC = NO;
				GCC_NO_COMMON_BLOCKS = YES;
				GCC_OPTIMIZATION_LEVEL = 0;
				GCC_PREPROCESSOR_DEFINITIONS = (
					"DEBUG=1",
					"$(inherited)",
				);
				GCC_WARN_64_TO_32_BIT_CONVERSION = YES;
				GCC_WARN_ABOUT_RETURN_TYPE = YES_ERROR;
				GCC_WARN_UNDECLARED_SELECTOR = YES;
				GCC_WARN_UNINITIALIZED_AUTOS = YES_AGGRESSIVE;
				GCC_WARN_UNUSED_FUNCTION = YES;
				GCC_WARN_UNUSED_VARIABLE = YES;
				IPHONEOS_DEPLOYMENT_TARGET = 9.3;
				MTL_ENABLE_DEBUG_INFO = YES;
				ONLY_ACTIVE_ARCH = YES;
				SDKROOT = iphoneos;
				SWIFT_OPTIMIZATION_LEVEL = "-Onone";
				TARGETED_DEVICE_FAMILY = "1,2";
			};
			name = Debug;
		};
		37D39C8F1D2207DB009B5BFF /* Release */ = {
			isa = XCBuildConfiguration;
			buildSettings = {
				ALWAYS_SEARCH_USER_PATHS = NO;
				CLANG_ANALYZER_NONNULL = YES;
				CLANG_CXX_LANGUAGE_STANDARD = "gnu++0x";
				CLANG_CXX_LIBRARY = "libc++";
				CLANG_ENABLE_MODULES = YES;
				CLANG_ENABLE_OBJC_ARC = YES;
				CLANG_WARN_BOOL_CONVERSION = YES;
				CLANG_WARN_CONSTANT_CONVERSION = YES;
				CLANG_WARN_DIRECT_OBJC_ISA_USAGE = YES_ERROR;
				CLANG_WARN_EMPTY_BODY = YES;
				CLANG_WARN_ENUM_CONVERSION = YES;
				CLANG_WARN_INT_CONVERSION = YES;
				CLANG_WARN_OBJC_ROOT_CLASS = YES_ERROR;
				CLANG_WARN_UNREACHABLE_CODE = YES;
				CLANG_WARN__DUPLICATE_METHOD_MATCH = YES;
				"CODE_SIGN_IDENTITY[sdk=iphoneos*]" = "iPhone Developer";
				COPY_PHASE_STRIP = NO;
				DEBUG_INFORMATION_FORMAT = "dwarf-with-dsym";
				ENABLE_NS_ASSERTIONS = NO;
				ENABLE_STRICT_OBJC_MSGSEND = YES;
				GCC_C_LANGUAGE_STANDARD = gnu99;
				GCC_NO_COMMON_BLOCKS = YES;
				GCC_WARN_64_TO_32_BIT_CONVERSION = YES;
				GCC_WARN_ABOUT_RETURN_TYPE = YES_ERROR;
				GCC_WARN_UNDECLARED_SELECTOR = YES;
				GCC_WARN_UNINITIALIZED_AUTOS = YES_AGGRESSIVE;
				GCC_WARN_UNUSED_FUNCTION = YES;
				GCC_WARN_UNUSED_VARIABLE = YES;
				IPHONEOS_DEPLOYMENT_TARGET = 9.3;
				MTL_ENABLE_DEBUG_INFO = NO;
				SDKROOT = iphoneos;
				TARGETED_DEVICE_FAMILY = "1,2";
				VALIDATE_PRODUCT = YES;
			};
			name = Release;
		};
		37D39C911D2207DB009B5BFF /* Debug */ = {
			isa = XCBuildConfiguration;
			buildSettings = {
				ASSETCATALOG_COMPILER_APPICON_NAME = AppIcon;
				INFOPLIST_FILE = ScrollDemo/Info.plist;
				LD_RUNPATH_SEARCH_PATHS = "$(inherited) @executable_path/Frameworks";
				PRODUCT_BUNDLE_IDENTIFIER = mobi.uchicago.ScrollDemo;
				PRODUCT_NAME = "$(TARGET_NAME)";
				SWIFT_VERSION = 3.0;
			};
			name = Debug;
		};
		37D39C921D2207DB009B5BFF /* Release */ = {
			isa = XCBuildConfiguration;
			buildSettings = {
				ASSETCATALOG_COMPILER_APPICON_NAME = AppIcon;
				INFOPLIST_FILE = ScrollDemo/Info.plist;
				LD_RUNPATH_SEARCH_PATHS = "$(inherited) @executable_path/Frameworks";
				PRODUCT_BUNDLE_IDENTIFIER = mobi.uchicago.ScrollDemo;
				PRODUCT_NAME = "$(TARGET_NAME)";
				SWIFT_VERSION = 3.0;
			};
			name = Release;
		};
/* End XCBuildConfiguration section */

/* Begin XCConfigurationList section */
		37D39C791D2207DB009B5BFF /* Build configuration list for PBXProject "ScrollDemo" */ = {
			isa = XCConfigurationList;
			buildConfigurations = (
				37D39C8E1D2207DB009B5BFF /* Debug */,
				37D39C8F1D2207DB009B5BFF /* Release */,
			);
			defaultConfigurationIsVisible = 0;
			defaultConfigurationName = Release;
		};
		37D39C901D2207DB009B5BFF /* Build configuration list for PBXNativeTarget "ScrollDemo" */ = {
			isa = XCConfigurationList;
			buildConfigurations = (
				37D39C911D2207DB009B5BFF /* Debug */,
				37D39C921D2207DB009B5BFF /* Release */,
			);
			defaultConfigurationIsVisible = 0;
			defaultConfigurationName = Release;
		};
/* End XCConfigurationList section */
	};
	rootObject = 37D39C761D2207DB009B5BFF /* Project object */;
}
